
Microsoft Visual Studio Solution File, Format Version 12.00
# Visual Studio 2012
Project("{FAE04EC0-301F-11D3-BF4B-00C04F79EFBC}") = "BackCropper", "BackCropper\BackCropper.csproj", "{14E44A80-9B05-4BFC-880F-292455A1F218}"
EndProject
Global
	GlobalSection(SolutionConfigurationPlatforms) = preSolution
		Debug|Any CPU = Debug|Any CPU
		Release|Any CPU = Release|Any CPU
	EndGlobalSection
	GlobalSection(ProjectConfigurationPlatforms) = postSolution
		{14E44A80-9B05-4BFC-880F-292455A1F218}.Debug|Any CPU.ActiveCfg = Debug|Any CPU
		{14E44A80-9B05-4BFC-880F-292455A1F218}.Debug|Any CPU.Build.0 = Debug|Any CPU
		{14E44A80-9B05-4BFC-880F-292455A1F218}.Release|Any CPU.ActiveCfg = Release|Any CPU
		{14E44A80-9B05-4BFC-880F-292455A1F218}.Release|Any CPU.Build.0 = Release|Any CPU
	EndGlobalSection
	GlobalSection(SolutionProperties) = preSolution
		HideSolutionNode = FALSE
	EndGlobalSection
EndGlobal
